{
  "name": "@franlol/opencode-md-table-formatter",
  "version": "0.0.3",
  "lockfileVersion": 3,
  "requires": true,
  "packages": {
    "": {
      "name": "@franlol/opencode-md-table-formatter",
      "version": "0.0.3",
      "license": "MIT",
      "engines": {
        "node": ">=18.0.0"
      },
      "peerDependencies": {
        "@opencode-ai/plugin": ">=0.13.7"
      }
    },
    "node_modules/@opencode-ai/plugin": {
      "version": "1.1.25",
      "resolved": "https://registry.npmjs.org/@opencode-ai/plugin/-/plugin-1.1.25.tgz",
      "integrity": "sha512-oTUWS446H/j7z3pdzo3cOrB5N87XZ/RKdgPD8yHv/rLX92B4YQHjOqggVQ56Q+1VEnN0jxzhoqRylv/0ZEts/Q==",
      "license": "MIT",
      "peer": true,
      "dependencies": {
        "@opencode-ai/sdk": "1.1.25",
        "zod": "4.1.8"
      }
    },
    "node_modules/@opencode-ai/sdk": {
      "version": "1.1.25",
      "resolved": "https://registry.npmjs.org/@opencode-ai/sdk/-/sdk-1.1.25.tgz",
      "integrity": "sha512-mWUX489ArEF2ICg3iZsx2VQaGS3Z2j/dwAJDacao9t7dGDzjOIaacPw2weZ10zld7XmT9V9C0PM/A5lDZ52J+w==",
      "license": "MIT",
      "peer": true
    },
    "node_modules/zod": {
      "version": "4.1.8",
      "resolved": "https://registry.npmjs.org/zod/-/zod-4.1.8.tgz",
      "integrity": "sha512-5R1P+WwQqmmMIEACyzSvo4JXHY5WiAFHRMg+zBZKgKS+Q1viRa0C1hmUKtHltoIFKtIdki3pRxkmpP74jnNYHQ==",
      "license": "MIT",
      "peer": true,
      "funding": {
        "url": "https://github.com/sponsors/colinhacks"
      }
    }
  }
}
